# This file is autogenerated, do not edit; changes may be undone by the next 'dep ensure'.


[[projects]]
  name = "github.com/go-ini/ini"
  packages = ["."]
  revision = "32e4c1e6bc4e7d0d8451aa6b75200d19e37a536a"
  version = "v1.32.0"

[solve-meta]
  analyzer-name = "dep"
  analyzer-version = 1
  inputs-digest = "49c67db0ee519d2dd24bb4a1f345145191fe19ff6b0cdb0efcf0f91423d41532"
  solver-name = "gps-cdcl"
  solver-version = 1
